
Microsoft Visual Studio Solution File, Format Version 12.00
# Visual Studio Version 17
VisualStudioVersion = 17.3.32922.545
MinimumVisualStudioVersion = 10.0.40219.1
Project("{9A19103F-16F7-4668-BE54-9A1E7A4F7556}") = "FingerBackend", "FingerBackend\FingerBackend.csproj", "{445A1F48-0979-465C-948C-9334D893C1A2}"
EndProject
Project("{9A19103F-16F7-4668-BE54-9A1E7A4F7556}") = "BackendTest", "BackendTest\BackendTest.csproj", "{3E75C229-4046-4D69-8C78-3FBFA44D48F7}"
EndProject
Project("{FAE04EC0-301F-11D3-BF4B-00C04F79EFBC}") = "FINGERApp", "FINGERApp\FINGERApp.csproj", "{AF913643-D7EE-43D3-A6E3-3DCD0161AE77}"
EndProject
Project("{9A19103F-16F7-4668-BE54-9A1E7A4F7556}") = "UnitTest", "UnitTest\UnitTest.csproj", "{872ECEEA-0AE0-4006-82E3-FB034BEA3499}"
EndProject
Project("{FAE04EC0-301F-11D3-BF4B-00C04F79EFBC}") = "ActualBackend", "ActualBackend\ActualBackend.csproj", "{4051AFCD-12E5-4D36-8B83-77DD9BEA29D7}"
EndProject
Project("{FAE04EC0-301F-11D3-BF4B-00C04F79EFBC}") = "NamuWikiParser", "NamuWikiParser\NamuWikiParser.csproj", "{7AEB40C5-0F07-442B-9626-6A8AF8FFF50B}"
EndProject
Global
	GlobalSection(SolutionConfigurationPlatforms) = preSolution
		Debug|Any CPU = Debug|Any CPU
		Release|Any CPU = Release|Any CPU
		Release|arm64 = Release|arm64
	EndGlobalSection
	GlobalSection(ProjectConfigurationPlatforms) = postSolution
		{445A1F48-0979-465C-948C-9334D893C1A2}.Debug|Any CPU.ActiveCfg = Debug|Any CPU
		{445A1F48-0979-465C-948C-9334D893C1A2}.Debug|Any CPU.Build.0 = Debug|Any CPU
		{445A1F48-0979-465C-948C-9334D893C1A2}.Release|Any CPU.ActiveCfg = Release|Any CPU
		{445A1F48-0979-465C-948C-9334D893C1A2}.Release|Any CPU.Build.0 = Release|Any CPU
		{445A1F48-0979-465C-948C-9334D893C1A2}.Release|arm64.ActiveCfg = Release|arm64
		{445A1F48-0979-465C-948C-9334D893C1A2}.Release|arm64.Build.0 = Release|arm64
		{3E75C229-4046-4D69-8C78-3FBFA44D48F7}.Debug|Any CPU.ActiveCfg = Debug|Any CPU
		{3E75C229-4046-4D69-8C78-3FBFA44D48F7}.Debug|Any CPU.Build.0 = Debug|Any CPU
		{3E75C229-4046-4D69-8C78-3FBFA44D48F7}.Release|Any CPU.ActiveCfg = Release|Any CPU
		{3E75C229-4046-4D69-8C78-3FBFA44D48F7}.Release|Any CPU.Build.0 = Release|Any CPU
		{3E75C229-4046-4D69-8C78-3FBFA44D48F7}.Release|arm64.ActiveCfg = Release|arm64
		{3E75C229-4046-4D69-8C78-3FBFA44D48F7}.Release|arm64.Build.0 = Release|arm64
		{AF913643-D7EE-43D3-A6E3-3DCD0161AE77}.Debug|Any CPU.ActiveCfg = Debug|Any CPU
		{AF913643-D7EE-43D3-A6E3-3DCD0161AE77}.Debug|Any CPU.Build.0 = Debug|Any CPU
		{AF913643-D7EE-43D3-A6E3-3DCD0161AE77}.Release|Any CPU.ActiveCfg = Release|Any CPU
		{AF913643-D7EE-43D3-A6E3-3DCD0161AE77}.Release|Any CPU.Build.0 = Release|Any CPU
		{AF913643-D7EE-43D3-A6E3-3DCD0161AE77}.Release|arm64.ActiveCfg = Release|arm64
		{AF913643-D7EE-43D3-A6E3-3DCD0161AE77}.Release|arm64.Build.0 = Release|arm64
		{872ECEEA-0AE0-4006-82E3-FB034BEA3499}.Debug|Any CPU.ActiveCfg = Debug|Any CPU
		{872ECEEA-0AE0-4006-82E3-FB034BEA3499}.Debug|Any CPU.Build.0 = Debug|Any CPU
		{872ECEEA-0AE0-4006-82E3-FB034BEA3499}.Release|Any CPU.ActiveCfg = Release|Any CPU
		{872ECEEA-0AE0-4006-82E3-FB034BEA3499}.Release|Any CPU.Build.0 = Release|Any CPU
		{872ECEEA-0AE0-4006-82E3-FB034BEA3499}.Release|arm64.ActiveCfg = Release|arm64
		{872ECEEA-0AE0-4006-82E3-FB034BEA3499}.Release|arm64.Build.0 = Release|arm64
		{4051AFCD-12E5-4D36-8B83-77DD9BEA29D7}.Debug|Any CPU.ActiveCfg = Debug|Any CPU
		{4051AFCD-12E5-4D36-8B83-77DD9BEA29D7}.Debug|Any CPU.Build.0 = Debug|Any CPU
		{4051AFCD-12E5-4D36-8B83-77DD9BEA29D7}.Release|Any CPU.ActiveCfg = Release|Any CPU
		{4051AFCD-12E5-4D36-8B83-77DD9BEA29D7}.Release|Any CPU.Build.0 = Release|Any CPU
		{4051AFCD-12E5-4D36-8B83-77DD9BEA29D7}.Release|arm64.ActiveCfg = Release|arm64
		{4051AFCD-12E5-4D36-8B83-77DD9BEA29D7}.Release|arm64.Build.0 = Release|arm64
		{7AEB40C5-0F07-442B-9626-6A8AF8FFF50B}.Debug|Any CPU.ActiveCfg = Release|Any CPU
		{7AEB40C5-0F07-442B-9626-6A8AF8FFF50B}.Debug|Any CPU.Build.0 = Release|Any CPU
		{7AEB40C5-0F07-442B-9626-6A8AF8FFF50B}.Release|Any CPU.ActiveCfg = Release|Any CPU
		{7AEB40C5-0F07-442B-9626-6A8AF8FFF50B}.Release|Any CPU.Build.0 = Release|Any CPU
		{7AEB40C5-0F07-442B-9626-6A8AF8FFF50B}.Debug|Any CPU.ActiveCfg = Release|Any CPU
		{7AEB40C5-0F07-442B-9626-6A8AF8FFF50B}.Debug|Any CPU.Build.0 = Release|Any CPU
		{7AEB40C5-0F07-442B-9626-6A8AF8FFF50B}.Release|arm64.ActiveCfg = Release|arm64
		{7AEB40C5-0F07-442B-9626-6A8AF8FFF50B}.Release|arm64.Build.0 = Release|arm64
	EndGlobalSection
	GlobalSection(SolutionProperties) = preSolution
		HideSolutionNode = FALSE
	EndGlobalSection
	GlobalSection(ExtensibilityGlobals) = postSolution
		SolutionGuid = {10B792E5-BE0F-48E1-A8FD-6F0BCE2207FB}
	EndGlobalSection
EndGlobal
